
Microsoft Visual Studio Solution File, Format Version 12.00
# Visual Studio Version 16
VisualStudioVersion = 16.0.33927.289
MinimumVisualStudioVersion = 10.0.40219.1
Project("{FAE04EC0-301F-11D3-BF4B-00C04F79EFBC}") = "FBTarjetas", "FBTarjetas\FBTarjetas.csproj", "{333B56F9-C5AB-4768-9440-C87DF713CE26}"
EndProject
Global
	GlobalSection(SolutionConfigurationPlatforms) = preSolution
		Debug|Any CPU = Debug|Any CPU
		Release|Any CPU = Release|Any CPU
	EndGlobalSection
	GlobalSection(ProjectConfigurationPlatforms) = postSolution
		{333B56F9-C5AB-4768-9440-C87DF713CE26}.Debug|Any CPU.ActiveCfg = Debug|Any CPU
		{333B56F9-C5AB-4768-9440-C87DF713CE26}.Debug|Any CPU.Build.0 = Debug|Any CPU
		{333B56F9-C5AB-4768-9440-C87DF713CE26}.Release|Any CPU.ActiveCfg = Release|Any CPU
		{333B56F9-C5AB-4768-9440-C87DF713CE26}.Release|Any CPU.Build.0 = Release|Any CPU
	EndGlobalSection
	GlobalSection(SolutionProperties) = preSolution
		HideSolutionNode = FALSE
	EndGlobalSection
	GlobalSection(ExtensibilityGlobals) = postSolution
		SolutionGuid = {17791ABC-02BD-4461-9E39-8E3F8187EF22}
	EndGlobalSection
EndGlobal
